// !$*UTF8*$!
{
	archiveVersion = 1;
	classes = {
	};
	objectVersion = 50;
	objects = {

/* Begin PBXBuildFile section */
		24AD4540261E46320080C38D /* AppDelegate.swift in Sources */ = {isa = PBXBuildFile; fileRef = 24AD453F261E46320080C38D /* AppDelegate.swift */; };
		24AD4542261E46320080C38D /* SceneDelegate.swift in Sources */ = {isa = PBXBuildFile; fileRef = 24AD4541261E46320080C38D /* SceneDelegate.swift */; };
		24AD4544261E46320080C38D /* ViewController.swift in Sources */ = {isa = PBXBuildFile; fileRef = 24AD4543261E46320080C38D /* ViewController.swift */; };
		24AD4547261E46320080C38D /* Main.storyboard in Resources */ = {isa = PBXBuildFile; fileRef = 24AD4545261E46320080C38D /* Main.storyboard */; };
		24AD4549261E46360080C38D /* Assets.xcassets in Resources */ = {isa = PBXBuildFile; fileRef = 24AD4548261E46360080C38D /* Assets.xcassets */; };
		24AD454C261E46360080C38D /* LaunchScreen.storyboard in Resources */ = {isa = PBXBuildFile; fileRef = 24AD454A261E46360080C38D /* LaunchScreen.storyboard */; };
		24AD4558261E48D90080C38D /* BillboardManager.swift in Sources */ = {isa = PBXBuildFile; fileRef = 24AD4557261E48D90080C38D /* BillboardManager.swift */; };
		24AD455B261E56940080C38D /* BillboardData.swift in Sources */ = {isa = PBXBuildFile; fileRef = 24AD455A261E56940080C38D /* BillboardData.swift */; };
		24AD455E261E5D7D0080C38D /* BillboardModel.swift in Sources */ = {isa = PBXBuildFile; fileRef = 24AD455D261E5D7D0080C38D /* BillboardModel.swift */; };
/* End PBXBuildFile section */

/* Begin PBXFileReference section */
		24AD453C261E46320080C38D /* Music Advisor.app */ = {isa = PBXFileReference; explicitFileType = wrapper.application; includeInIndex = 0; path = "Music Advisor.app"; sourceTree = BUILT_PRODUCTS_DIR; };
		24AD453F261E46320080C38D /* AppDelegate.swift */ = {isa = PBXFileReference; lastKnownFileType = sourcecode.swift; path = AppDelegate.swift; sourceTree = "<group>"; };
		24AD4541261E46320080C38D /* SceneDelegate.swift */ = {isa = PBXFileReference; lastKnownFileType = sourcecode.swift; path = SceneDelegate.swift; sourceTree = "<group>"; };
		24AD4543261E46320080C38D /* ViewController.swift */ = {isa = PBXFileReference; lastKnownFileType = sourcecode.swift; path = ViewController.swift; sourceTree = "<group>"; };
		24AD4546261E46320080C38D /* Base */ = {isa = PBXFileReference; lastKnownFileType = file.storyboard; name = Base; path = Base.lproj/Main.storyboard; sourceTree = "<group>"; };
		24AD4548261E46360080C38D /* Assets.xcassets */ = {isa = PBXFileReference; lastKnownFileType = folder.assetcatalog; path = Assets.xcassets; sourceTree = "<group>"; };
		24AD454B261E46360080C38D /* Base */ = {isa = PBXFileReference; lastKnownFileType = file.storyboard; name = Base; path = Base.lproj/LaunchScreen.storyboard; sourceTree = "<group>"; };
		24AD454D261E46360080C38D /* Info.plist */ = {isa = PBXFileReference; lastKnownFileType = text.plist.xml; path = Info.plist; sourceTree = "<group>"; };
		24AD4557261E48D90080C38D /* BillboardManager.swift */ = {isa = PBXFileReference; lastKnownFileType = sourcecode.swift; path = BillboardManager.swift; sourceTree = "<group>"; };
		24AD455A261E56940080C38D /* BillboardData.swift */ = {isa = PBXFileReference; lastKnownFileType = sourcecode.swift; path = BillboardData.swift; sourceTree = "<group>"; };
		24AD455D261E5D7D0080C38D /* BillboardModel.swift */ = {isa = PBXFileReference; lastKnownFileType = sourcecode.swift; path = BillboardModel.swift; sourceTree = "<group>"; };
/* End PBXFileReference section */

/* Begin PBXFrameworksBuildPhase section */
		24AD4539261E46320080C38D /* Frameworks */ = {
			isa = PBXFrameworksBuildPhase;
			buildActionMask = 2147483647;
			files = (
			);
			runOnlyForDeploymentPostprocessing = 0;
		};
/* End PBXFrameworksBuildPhase section */

/* Begin PBXGroup section */
		24AD4533261E46310080C38D = {
			isa = PBXGroup;
			children = (
				24AD453E261E46320080C38D /* Music Advisor */,
				24AD453D261E46320080C38D /* Products */,
			);
			sourceTree = "<group>";
		};
		24AD453D261E46320080C38D /* Products */ = {
			isa = PBXGroup;
			children = (
				24AD453C261E46320080C38D /* Music Advisor.app */,
			);
			name = Products;
			sourceTree = "<group>";
		};
		24AD453E261E46320080C38D /* Music Advisor */ = {
			isa = PBXGroup;
			children = (
				24AD4556261E46610080C38D /* Controller */,
				24AD4555261E465B0080C38D /* View */,
				24AD4554261E46550080C38D /* Model */,
				24AD453F261E46320080C38D /* AppDelegate.swift */,
				24AD4541261E46320080C38D /* SceneDelegate.swift */,
				24AD4548261E46360080C38D /* Assets.xcassets */,
				24AD454A261E46360080C38D /* LaunchScreen.storyboard */,
				24AD454D261E46360080C38D /* Info.plist */,
			);
			path = "Music Advisor";
			sourceTree = "<group>";
		};
		24AD4554261E46550080C38D /* Model */ = {
			isa = PBXGroup;
			children = (
				24AD4557261E48D90080C38D /* BillboardManager.swift */,
				24AD455A261E56940080C38D /* BillboardData.swift */,
				24AD455D261E5D7D0080C38D /* BillboardModel.swift */,
			);
			path = Model;
			sourceTree = "<group>";
		};
		24AD4555261E465B0080C38D /* View */ = {
			isa = PBXGroup;
			children = (
				24AD4545261E46320080C38D /* Main.storyboard */,
			);
			path = View;
			sourceTree = "<group>";
		};
		24AD4556261E46610080C38D /* Controller */ = {
			isa = PBXGroup;
			children = (
				24AD4543261E46320080C38D /* ViewController.swift */,
			);
			path = Controller;
			sourceTree = "<group>";
		};
/* End PBXGroup section */

/* Begin PBXNativeTarget section */
		24AD453B261E46320080C38D /* Music Advisor */ = {
			isa = PBXNativeTarget;
			buildConfigurationList = 24AD4550261E46360080C38D /* Build configuration list for PBXNativeTarget "Music Advisor" */;
			buildPhases = (
				24AD4538261E46320080C38D /* Sources */,
				24AD4539261E46320080C38D /* Frameworks */,
				24AD453A261E46320080C38D /* Resources */,
			);
			buildRules = (
			);
			dependencies = (
			);
			name = "Music Advisor";
			productName = "Music Advisor";
			productReference = 24AD453C261E46320080C38D /* Music Advisor.app */;
			productType = "com.apple.product-type.application";
		};
/* End PBXNativeTarget section */

/* Begin PBXProject section */
		24AD4534261E46320080C38D /* Project object */ = {
			isa = PBXProject;
			attributes = {
				LastSwiftUpdateCheck = 1210;
				LastUpgradeCheck = 1210;
				TargetAttributes = {
					24AD453B261E46320080C38D = {
						CreatedOnToolsVersion = 12.1;
					};
				};
			};
			buildConfigurationList = 24AD4537261E46320080C38D /* Build configuration list for PBXProject "Music Advisor" */;
			compatibilityVersion = "Xcode 9.3";
			developmentRegion = en;
			hasScannedForEncodings = 0;
			knownRegions = (
				en,
				Base,
			);
			mainGroup = 24AD4533261E46310080C38D;
			productRefGroup = 24AD453D261E46320080C38D /* Products */;
			projectDirPath = "";
			projectRoot = "";
			targets = (
				24AD453B261E46320080C38D /* Music Advisor */,
			);
		};
/* End PBXProject section */

/* Begin PBXResourcesBuildPhase section */
		24AD453A261E46320080C38D /* Resources */ = {
			isa = PBXResourcesBuildPhase;
			buildActionMask = 2147483647;
			files = (
				24AD454C261E46360080C38D /* LaunchScreen.storyboard in Resources */,
				24AD4549261E46360080C38D /* Assets.xcassets in Resources */,
				24AD4547261E46320080C38D /* Main.storyboard in Resources */,
			);
			runOnlyForDeploymentPostprocessing = 0;
		};
/* End PBXResourcesBuildPhase section */

/* Begin PBXSourcesBuildPhase section */
		24AD4538261E46320080C38D /* Sources */ = {
			isa = PBXSourcesBuildPhase;
			buildActionMask = 2147483647;
			files = (
				24AD4544261E46320080C38D /* ViewController.swift in Sources */,
				24AD455B261E56940080C38D /* BillboardData.swift in Sources */,
				24AD4540261E46320080C38D /* AppDelegate.swift in Sources */,
				24AD455E261E5D7D0080C38D /* BillboardModel.swift in Sources */,
				24AD4542261E46320080C38D /* SceneDelegate.swift in Sources */,
				24AD4558261E48D90080C38D /* BillboardManager.swift in Sources */,
			);
			runOnlyForDeploymentPostprocessing = 0;
		};
/* End PBXSourcesBuildPhase section */

/* Begin PBXVariantGroup section */
		24AD4545261E46320080C38D /* Main.storyboard */ = {
			isa = PBXVariantGroup;
			children = (
				24AD4546261E46320080C38D /* Base */,
			);
			name = Main.storyboard;
			sourceTree = "<group>";
		};
		24AD454A261E46360080C38D /* LaunchScreen.storyboard */ = {
			isa = PBXVariantGroup;
			children = (
				24AD454B261E46360080C38D /* Base */,
			);
			name = LaunchScreen.storyboard;
			sourceTree = "<group>";
		};
/* End PBXVariantGroup section */

/* Begin XCBuildConfiguration section */
		24AD454E261E46360080C38D /* Debug */ = {
			isa = XCBuildConfiguration;
			buildSettings = {
				ALWAYS_SEARCH_USER_PATHS = NO;
				CLANG_ANALYZER_NONNULL = YES;
				CLANG_ANALYZER_NUMBER_OBJECT_CONVERSION = YES_AGGRESSIVE;
				CLANG_CXX_LANGUAGE_STANDARD = "gnu++14";
				CLANG_CXX_LIBRARY = "libc++";
				CLANG_ENABLE_MODULES = YES;
				CLANG_ENABLE_OBJC_ARC = YES;
				CLANG_ENABLE_OBJC_WEAK = YES;
				CLANG_WARN_BLOCK_CAPTURE_AUTORELEASING = YES;
				CLANG_WARN_BOOL_CONVERSION = YES;
				CLANG_WARN_COMMA = YES;
				CLANG_WARN_CONSTANT_CONVERSION = YES;
				CLANG_WARN_DEPRECATED_OBJC_IMPLEMENTATIONS = YES;
				CLANG_WARN_DIRECT_OBJC_ISA_USAGE = YES_ERROR;
				CLANG_WARN_DOCUMENTATION_COMMENTS = YES;
				CLANG_WARN_EMPTY_BODY = YES;
				CLANG_WARN_ENUM_CONVERSION = YES;
				CLANG_WARN_INFINITE_RECURSION = YES;
				CLANG_WARN_INT_CONVERSION = YES;
				CLANG_WARN_NON_LITERAL_NULL_CONVERSION = YES;
				CLANG_WARN_OBJC_IMPLICIT_RETAIN_SELF = YES;
				CLANG_WARN_OBJC_LITERAL_CONVERSION = YES;
				CLANG_WARN_OBJC_ROOT_CLASS = YES_ERROR;
				CLANG_WARN_QUOTED_INCLUDE_IN_FRAMEWORK_HEADER = YES;
				CLANG_WARN_RANGE_LOOP_ANALYSIS = YES;
				CLANG_WARN_STRICT_PROTOTYPES = YES;
				CLANG_WARN_SUSPICIOUS_MOVE = YES;
				CLANG_WARN_UNGUARDED_AVAILABILITY = YES_AGGRESSIVE;
				CLANG_WARN_UNREACHABLE_CODE = YES;
				CLANG_WARN__DUPLICATE_METHOD_MATCH = YES;
				COPY_PHASE_STRIP = NO;
				DEBUG_INFORMATION_FORMAT = dwarf;
				ENABLE_STRICT_OBJC_MSGSEND = YES;
				ENABLE_TESTABILITY = YES;
				GCC_C_LANGUAGE_STANDARD = gnu11;
				GCC_DYNAMIC_NO_PIC = NO;
				GCC_NO_COMMON_BLOCKS = YES;
				GCC_OPTIMIZATION_LEVEL = 0;
				GCC_PREPROCESSOR_DEFINITIONS = (
					"DEBUG=1",
					"$(inherited)",
				);
				GCC_WARN_64_TO_32_BIT_CONVERSION = YES;
				GCC_WARN_ABOUT_RETURN_TYPE = YES_ERROR;
				GCC_WARN_UNDECLARED_SELECTOR = YES;
				GCC_WARN_UNINITIALIZED_AUTOS = YES_AGGRESSIVE;
				GCC_WARN_UNUSED_FUNCTION = YES;
				GCC_WARN_UNUSED_VARIABLE = YES;
				IPHONEOS_DEPLOYMENT_TARGET = 14.1;
				MTL_ENABLE_DEBUG_INFO = INCLUDE_SOURCE;
				MTL_FAST_MATH = YES;
				ONLY_ACTIVE_ARCH = YES;
				SDKROOT = iphoneos;
				SWIFT_ACTIVE_COMPILATION_CONDITIONS = DEBUG;
				SWIFT_OPTIMIZATION_LEVEL = "-Onone";
			};
			name = Debug;
		};
		24AD454F261E46360080C38D /* Release */ = {
			isa = XCBuildConfiguration;
			buildSettings = {
				ALWAYS_SEARCH_USER_PATHS = NO;
				CLANG_ANALYZER_NONNULL = YES;
				CLANG_ANALYZER_NUMBER_OBJECT_CONVERSION = YES_AGGRESSIVE;
				CLANG_CXX_LANGUAGE_STANDARD = "gnu++14";
				CLANG_CXX_LIBRARY = "libc++";
				CLANG_ENABLE_MODULES = YES;
				CLANG_ENABLE_OBJC_ARC = YES;
				CLANG_ENABLE_OBJC_WEAK = YES;
				CLANG_WARN_BLOCK_CAPTURE_AUTORELEASING = YES;
				CLANG_WARN_BOOL_CONVERSION = YES;
				CLANG_WARN_COMMA = YES;
				CLANG_WARN_CONSTANT_CONVERSION = YES;
				CLANG_WARN_DEPRECATED_OBJC_IMPLEMENTATIONS = YES;
				CLANG_WARN_DIRECT_OBJC_ISA_USAGE = YES_ERROR;
				CLANG_WARN_DOCUMENTATION_COMMENTS = YES;
				CLANG_WARN_EMPTY_BODY = YES;
				CLANG_WARN_ENUM_CONVERSION = YES;
				CLANG_WARN_INFINITE_RECURSION = YES;
				CLANG_WARN_INT_CONVERSION = YES;
				CLANG_WARN_NON_LITERAL_NULL_CONVERSION = YES;
				CLANG_WARN_OBJC_IMPLICIT_RETAIN_SELF = YES;
				CLANG_WARN_OBJC_LITERAL_CONVERSION = YES;
				CLANG_WARN_OBJC_ROOT_CLASS = YES_ERROR;
				CLANG_WARN_QUOTED_INCLUDE_IN_FRAMEWORK_HEADER = YES;
				CLANG_WARN_RANGE_LOOP_ANALYSIS = YES;
				CLANG_WARN_STRICT_PROTOTYPES = YES;
				CLANG_WARN_SUSPICIOUS_MOVE = YES;
				CLANG_WARN_UNGUARDED_AVAILABILITY = YES_AGGRESSIVE;
				CLANG_WARN_UNREACHABLE_CODE = YES;
				CLANG_WARN__DUPLICATE_METHOD_MATCH = YES;
				COPY_PHASE_STRIP = NO;
				DEBUG_INFORMATION_FORMAT = "dwarf-with-dsym";
				ENABLE_NS_ASSERTIONS = NO;
				ENABLE_STRICT_OBJC_MSGSEND = YES;
				GCC_C_LANGUAGE_STANDARD = gnu11;
				GCC_NO_COMMON_BLOCKS = YES;
				GCC_WARN_64_TO_32_BIT_CONVERSION = YES;
				GCC_WARN_ABOUT_RETURN_TYPE = YES_ERROR;
				GCC_WARN_UNDECLARED_SELECTOR = YES;
				GCC_WARN_UNINITIALIZED_AUTOS = YES_AGGRESSIVE;
				GCC_WARN_UNUSED_FUNCTION = YES;
				GCC_WARN_UNUSED_VARIABLE = YES;
				IPHONEOS_DEPLOYMENT_TARGET = 14.1;
				MTL_ENABLE_DEBUG_INFO = NO;
				MTL_FAST_MATH = YES;
				SDKROOT = iphoneos;
				SWIFT_COMPILATION_MODE = wholemodule;
				SWIFT_OPTIMIZATION_LEVEL = "-O";
				VALIDATE_PRODUCT = YES;
			};
			name = Release;
		};
		24AD4551261E46360080C38D /* Debug */ = {
			isa = XCBuildConfiguration;
			buildSettings = {
				ASSETCATALOG_COMPILER_APPICON_NAME = AppIcon;
				ASSETCATALOG_COMPILER_GLOBAL_ACCENT_COLOR_NAME = AccentColor;
				CODE_SIGN_STYLE = Automatic;
				INFOPLIST_FILE = "Music Advisor/Info.plist";
				LD_RUNPATH_SEARCH_PATHS = (
					"$(inherited)",
					"@executable_path/Frameworks",
				);
				PRODUCT_BUNDLE_IDENTIFIER = "Dawid-Jozwiak.Music-Advisor";
				PRODUCT_NAME = "$(TARGET_NAME)";
				SWIFT_VERSION = 5.0;
				TARGETED_DEVICE_FAMILY = "1,2";
			};
			name = Debug;
		};
		24AD4552261E46360080C38D /* Release */ = {
			isa = XCBuildConfiguration;
			buildSettings = {
				ASSETCATALOG_COMPILER_APPICON_NAME = AppIcon;
				ASSETCATALOG_COMPILER_GLOBAL_ACCENT_COLOR_NAME = AccentColor;
				CODE_SIGN_STYLE = Automatic;
				INFOPLIST_FILE = "Music Advisor/Info.plist";
				LD_RUNPATH_SEARCH_PATHS = (
					"$(inherited)",
					"@executable_path/Frameworks",
				);
				PRODUCT_BUNDLE_IDENTIFIER = "Dawid-Jozwiak.Music-Advisor";
				PRODUCT_NAME = "$(TARGET_NAME)";
				SWIFT_VERSION = 5.0;
				TARGETED_DEVICE_FAMILY = "1,2";
			};
			name = Release;
		};
/* End XCBuildConfiguration section */

/* Begin XCConfigurationList section */
		24AD4537261E46320080C38D /* Build configuration list for PBXProject "Music Advisor" */ = {
			isa = XCConfigurationList;
			buildConfigurations = (
				24AD454E261E46360080C38D /* Debug */,
				24AD454F261E46360080C38D /* Release */,
			);
			defaultConfigurationIsVisible = 0;
			defaultConfigurationName = Release;
		};
		24AD4550261E46360080C38D /* Build configuration list for PBXNativeTarget "Music Advisor" */ = {
			isa = XCConfigurationList;
			buildConfigurations = (
				24AD4551261E46360080C38D /* Debug */,
				24AD4552261E46360080C38D /* Release */,
			);
			defaultConfigurationIsVisible = 0;
			defaultConfigurationName = Release;
		};
/* End XCConfigurationList section */
	};
	rootObject = 24AD4534261E46320080C38D /* Project object */;
}
